
Microsoft Visual Studio Solution File, Format Version 12.00
# Visual Studio Version 16
VisualStudioVersion = 16.0.32602.291
MinimumVisualStudioVersion = 10.0.40219.1
Project("{FAE04EC0-301F-11D3-BF4B-00C04F79EFBC}") = "binary", "binary\binary.csproj", "{DB1DAE38-4382-40E8-A9C2-58D5C0037A67}"
EndProject
Global
	GlobalSection(SolutionConfigurationPlatforms) = preSolution
		Debug|Any CPU = Debug|Any CPU
		Release|Any CPU = Release|Any CPU
	EndGlobalSection
	GlobalSection(ProjectConfigurationPlatforms) = postSolution
		{DB1DAE38-4382-40E8-A9C2-58D5C0037A67}.Debug|Any CPU.ActiveCfg = Debug|Any CPU
		{DB1DAE38-4382-40E8-A9C2-58D5C0037A67}.Debug|Any CPU.Build.0 = Debug|Any CPU
		{DB1DAE38-4382-40E8-A9C2-58D5C0037A67}.Release|Any CPU.ActiveCfg = Release|Any CPU
		{DB1DAE38-4382-40E8-A9C2-58D5C0037A67}.Release|Any CPU.Build.0 = Release|Any CPU
	EndGlobalSection
	GlobalSection(SolutionProperties) = preSolution
		HideSolutionNode = FALSE
	EndGlobalSection
	GlobalSection(ExtensibilityGlobals) = postSolution
		SolutionGuid = {EC17BC7A-2B2B-4A4A-AD4E-7EEC52C70284}
	EndGlobalSection
EndGlobal
