
Microsoft Visual Studio Solution File, Format Version 12.00
# Visual Studio Version 16
VisualStudioVersion = 16.0.32602.291
MinimumVisualStudioVersion = 10.0.40219.1
Project("{FAE04EC0-301F-11D3-BF4B-00C04F79EFBC}") = "harmonicnuimbrs", "harmonicnuimbrs\harmonicnuimbrs.csproj", "{1D7D40EF-0224-4E67-A908-F289F947AF50}"
EndProject
Global
	GlobalSection(SolutionConfigurationPlatforms) = preSolution
		Debug|Any CPU = Debug|Any CPU
		Release|Any CPU = Release|Any CPU
	EndGlobalSection
	GlobalSection(ProjectConfigurationPlatforms) = postSolution
		{1D7D40EF-0224-4E67-A908-F289F947AF50}.Debug|Any CPU.ActiveCfg = Debug|Any CPU
		{1D7D40EF-0224-4E67-A908-F289F947AF50}.Debug|Any CPU.Build.0 = Debug|Any CPU
		{1D7D40EF-0224-4E67-A908-F289F947AF50}.Release|Any CPU.ActiveCfg = Release|Any CPU
		{1D7D40EF-0224-4E67-A908-F289F947AF50}.Release|Any CPU.Build.0 = Release|Any CPU
	EndGlobalSection
	GlobalSection(SolutionProperties) = preSolution
		HideSolutionNode = FALSE
	EndGlobalSection
	GlobalSection(ExtensibilityGlobals) = postSolution
		SolutionGuid = {52560B03-55C9-4465-B02B-A1E3C51DA5EF}
	EndGlobalSection
EndGlobal
