
Microsoft Visual Studio Solution File, Format Version 12.00
# Visual Studio Version 16
VisualStudioVersion = 16.0.32602.291
MinimumVisualStudioVersion = 10.0.40219.1
Project("{FAE04EC0-301F-11D3-BF4B-00C04F79EFBC}") = "prime no", "prime no\prime no.csproj", "{94D75787-A2DB-487D-8D1D-7FE951CC827B}"
EndProject
Global
	GlobalSection(SolutionConfigurationPlatforms) = preSolution
		Debug|Any CPU = Debug|Any CPU
		Release|Any CPU = Release|Any CPU
	EndGlobalSection
	GlobalSection(ProjectConfigurationPlatforms) = postSolution
		{94D75787-A2DB-487D-8D1D-7FE951CC827B}.Debug|Any CPU.ActiveCfg = Debug|Any CPU
		{94D75787-A2DB-487D-8D1D-7FE951CC827B}.Debug|Any CPU.Build.0 = Debug|Any CPU
		{94D75787-A2DB-487D-8D1D-7FE951CC827B}.Release|Any CPU.ActiveCfg = Release|Any CPU
		{94D75787-A2DB-487D-8D1D-7FE951CC827B}.Release|Any CPU.Build.0 = Release|Any CPU
	EndGlobalSection
	GlobalSection(SolutionProperties) = preSolution
		HideSolutionNode = FALSE
	EndGlobalSection
	GlobalSection(ExtensibilityGlobals) = postSolution
		SolutionGuid = {D49F47EF-5926-434B-BAF6-CC0243001EEB}
	EndGlobalSection
EndGlobal
