
Microsoft Visual Studio Solution File, Format Version 12.00
# Visual Studio Version 16
VisualStudioVersion = 16.0.32602.291
MinimumVisualStudioVersion = 10.0.40219.1
Project("{FAE04EC0-301F-11D3-BF4B-00C04F79EFBC}") = "evenorodd", "evenorodd\evenorodd.csproj", "{AADCB388-E3C3-474A-9A9E-68C93F492395}"
EndProject
Global
	GlobalSection(SolutionConfigurationPlatforms) = preSolution
		Debug|Any CPU = Debug|Any CPU
		Release|Any CPU = Release|Any CPU
	EndGlobalSection
	GlobalSection(ProjectConfigurationPlatforms) = postSolution
		{AADCB388-E3C3-474A-9A9E-68C93F492395}.Debug|Any CPU.ActiveCfg = Debug|Any CPU
		{AADCB388-E3C3-474A-9A9E-68C93F492395}.Debug|Any CPU.Build.0 = Debug|Any CPU
		{AADCB388-E3C3-474A-9A9E-68C93F492395}.Release|Any CPU.ActiveCfg = Release|Any CPU
		{AADCB388-E3C3-474A-9A9E-68C93F492395}.Release|Any CPU.Build.0 = Release|Any CPU
	EndGlobalSection
	GlobalSection(SolutionProperties) = preSolution
		HideSolutionNode = FALSE
	EndGlobalSection
	GlobalSection(ExtensibilityGlobals) = postSolution
		SolutionGuid = {B58023AA-8854-49D9-92A1-78A332157C61}
	EndGlobalSection
EndGlobal
